
Microsoft Visual Studio Solution File, Format Version 12.00
# Visual Studio Version 16
VisualStudioVersion = 16.0.30523.141
MinimumVisualStudioVersion = 10.0.40219.1
Project("{FAE04EC0-301F-11D3-BF4B-00C04F79EFBC}") = "GIF_GIftIdeaForum", "GIF_GIftIdeaForum\GIF_GIftIdeaForum.csproj", "{CD0F77E5-228D-4A3F-A838-0BD1FCEB014F}"
EndProject
Global
	GlobalSection(SolutionConfigurationPlatforms) = preSolution
		Debug|Any CPU = Debug|Any CPU
		Release|Any CPU = Release|Any CPU
	EndGlobalSection
	GlobalSection(ProjectConfigurationPlatforms) = postSolution
		{CD0F77E5-228D-4A3F-A838-0BD1FCEB014F}.Debug|Any CPU.ActiveCfg = Debug|Any CPU
		{CD0F77E5-228D-4A3F-A838-0BD1FCEB014F}.Debug|Any CPU.Build.0 = Debug|Any CPU
		{CD0F77E5-228D-4A3F-A838-0BD1FCEB014F}.Release|Any CPU.ActiveCfg = Release|Any CPU
		{CD0F77E5-228D-4A3F-A838-0BD1FCEB014F}.Release|Any CPU.Build.0 = Release|Any CPU
	EndGlobalSection
	GlobalSection(SolutionProperties) = preSolution
		HideSolutionNode = FALSE
	EndGlobalSection
	GlobalSection(ExtensibilityGlobals) = postSolution
		SolutionGuid = {C09F3C1E-F55A-4A36-A015-9B9AEA549221}
	EndGlobalSection
EndGlobal
